// !$*UTF8*$!
{
	archiveVersion = 1;
	classes = {
	};
	objectVersion = 56;
	objects = {

/* Begin PBXBuildFile section */
		E6ABA0812AF64F7A003378F7 /* AppDelegate.swift in Sources */ = {isa = PBXBuildFile; fileRef = E6ABA0802AF64F7A003378F7 /* AppDelegate.swift */; };
		E6ABA0832AF64F7A003378F7 /* SceneDelegate.swift in Sources */ = {isa = PBXBuildFile; fileRef = E6ABA0822AF64F7A003378F7 /* SceneDelegate.swift */; };
		E6ABA0852AF64F7A003378F7 /* ViewController.swift in Sources */ = {isa = PBXBuildFile; fileRef = E6ABA0842AF64F7A003378F7 /* ViewController.swift */; };
		E6ABA08A2AF64F7B003378F7 /* Assets.xcassets in Resources */ = {isa = PBXBuildFile; fileRef = E6ABA0892AF64F7B003378F7 /* Assets.xcassets */; };
		E6ABA08D2AF64F7B003378F7 /* LaunchScreen.storyboard in Resources */ = {isa = PBXBuildFile; fileRef = E6ABA08B2AF64F7B003378F7 /* LaunchScreen.storyboard */; };
		E6ABA0952AF6541C003378F7 /* RespondableView.swift in Sources */ = {isa = PBXBuildFile; fileRef = E6ABA0942AF6541C003378F7 /* RespondableView.swift */; };
		E6ABA0982AF6567C003378F7 /* RespondableViewController.swift in Sources */ = {isa = PBXBuildFile; fileRef = E6ABA0972AF6567C003378F7 /* RespondableViewController.swift */; };
		E6ABA09B2AF65704003378F7 /* ResearchableView.swift in Sources */ = {isa = PBXBuildFile; fileRef = E6ABA09A2AF65704003378F7 /* ResearchableView.swift */; };
/* End PBXBuildFile section */

/* Begin PBXFileReference section */
		E6ABA07D2AF64F7A003378F7 /* ResponderChainer.app */ = {isa = PBXFileReference; explicitFileType = wrapper.application; includeInIndex = 0; path = ResponderChainer.app; sourceTree = BUILT_PRODUCTS_DIR; };
		E6ABA0802AF64F7A003378F7 /* AppDelegate.swift */ = {isa = PBXFileReference; lastKnownFileType = sourcecode.swift; path = AppDelegate.swift; sourceTree = "<group>"; };
		E6ABA0822AF64F7A003378F7 /* SceneDelegate.swift */ = {isa = PBXFileReference; lastKnownFileType = sourcecode.swift; path = SceneDelegate.swift; sourceTree = "<group>"; };
		E6ABA0842AF64F7A003378F7 /* ViewController.swift */ = {isa = PBXFileReference; lastKnownFileType = sourcecode.swift; path = ViewController.swift; sourceTree = "<group>"; };
		E6ABA0892AF64F7B003378F7 /* Assets.xcassets */ = {isa = PBXFileReference; lastKnownFileType = folder.assetcatalog; path = Assets.xcassets; sourceTree = "<group>"; };
		E6ABA08C2AF64F7B003378F7 /* Base */ = {isa = PBXFileReference; lastKnownFileType = file.storyboard; name = Base; path = Base.lproj/LaunchScreen.storyboard; sourceTree = "<group>"; };
		E6ABA08E2AF64F7B003378F7 /* Info.plist */ = {isa = PBXFileReference; lastKnownFileType = text.plist.xml; path = Info.plist; sourceTree = "<group>"; };
		E6ABA0942AF6541C003378F7 /* RespondableView.swift */ = {isa = PBXFileReference; lastKnownFileType = sourcecode.swift; path = RespondableView.swift; sourceTree = "<group>"; };
		E6ABA0972AF6567C003378F7 /* RespondableViewController.swift */ = {isa = PBXFileReference; lastKnownFileType = sourcecode.swift; path = RespondableViewController.swift; sourceTree = "<group>"; };
		E6ABA09A2AF65704003378F7 /* ResearchableView.swift */ = {isa = PBXFileReference; lastKnownFileType = sourcecode.swift; path = ResearchableView.swift; sourceTree = "<group>"; };
/* End PBXFileReference section */

/* Begin PBXFrameworksBuildPhase section */
		E6ABA07A2AF64F7A003378F7 /* Frameworks */ = {
			isa = PBXFrameworksBuildPhase;
			buildActionMask = 2147483647;
			files = (
			);
			runOnlyForDeploymentPostprocessing = 0;
		};
/* End PBXFrameworksBuildPhase section */

/* Begin PBXGroup section */
		E6ABA0742AF64F7A003378F7 = {
			isa = PBXGroup;
			children = (
				E6ABA07F2AF64F7A003378F7 /* ResponderChainer */,
				E6ABA07E2AF64F7A003378F7 /* Products */,
			);
			sourceTree = "<group>";
		};
		E6ABA07E2AF64F7A003378F7 /* Products */ = {
			isa = PBXGroup;
			children = (
				E6ABA07D2AF64F7A003378F7 /* ResponderChainer.app */,
			);
			name = Products;
			sourceTree = "<group>";
		};
		E6ABA07F2AF64F7A003378F7 /* ResponderChainer */ = {
			isa = PBXGroup;
			children = (
				E6ABA0962AF65670003378F7 /* Base */,
				E6ABA0992AF656ED003378F7 /* Views */,
				E6ABA0802AF64F7A003378F7 /* AppDelegate.swift */,
				E6ABA0822AF64F7A003378F7 /* SceneDelegate.swift */,
				E6ABA0842AF64F7A003378F7 /* ViewController.swift */,
				E6ABA0892AF64F7B003378F7 /* Assets.xcassets */,
				E6ABA08B2AF64F7B003378F7 /* LaunchScreen.storyboard */,
				E6ABA08E2AF64F7B003378F7 /* Info.plist */,
			);
			path = ResponderChainer;
			sourceTree = "<group>";
		};
		E6ABA0962AF65670003378F7 /* Base */ = {
			isa = PBXGroup;
			children = (
				E6ABA0942AF6541C003378F7 /* RespondableView.swift */,
				E6ABA0972AF6567C003378F7 /* RespondableViewController.swift */,
			);
			path = Base;
			sourceTree = "<group>";
		};
		E6ABA0992AF656ED003378F7 /* Views */ = {
			isa = PBXGroup;
			children = (
				E6ABA09A2AF65704003378F7 /* ResearchableView.swift */,
			);
			path = Views;
			sourceTree = "<group>";
		};
/* End PBXGroup section */

/* Begin PBXNativeTarget section */
		E6ABA07C2AF64F7A003378F7 /* ResponderChainer */ = {
			isa = PBXNativeTarget;
			buildConfigurationList = E6ABA0912AF64F7B003378F7 /* Build configuration list for PBXNativeTarget "ResponderChainer" */;
			buildPhases = (
				E6ABA0792AF64F7A003378F7 /* Sources */,
				E6ABA07A2AF64F7A003378F7 /* Frameworks */,
				E6ABA07B2AF64F7A003378F7 /* Resources */,
			);
			buildRules = (
			);
			dependencies = (
			);
			name = ResponderChainer;
			productName = ResponderChainer;
			productReference = E6ABA07D2AF64F7A003378F7 /* ResponderChainer.app */;
			productType = "com.apple.product-type.application";
		};
/* End PBXNativeTarget section */

/* Begin PBXProject section */
		E6ABA0752AF64F7A003378F7 /* Project object */ = {
			isa = PBXProject;
			attributes = {
				BuildIndependentTargetsInParallel = 1;
				LastSwiftUpdateCheck = 1500;
				LastUpgradeCheck = 1500;
				TargetAttributes = {
					E6ABA07C2AF64F7A003378F7 = {
						CreatedOnToolsVersion = 15.0;
					};
				};
			};
			buildConfigurationList = E6ABA0782AF64F7A003378F7 /* Build configuration list for PBXProject "ResponderChainer" */;
			compatibilityVersion = "Xcode 14.0";
			developmentRegion = en;
			hasScannedForEncodings = 0;
			knownRegions = (
				en,
				Base,
			);
			mainGroup = E6ABA0742AF64F7A003378F7;
			productRefGroup = E6ABA07E2AF64F7A003378F7 /* Products */;
			projectDirPath = "";
			projectRoot = "";
			targets = (
				E6ABA07C2AF64F7A003378F7 /* ResponderChainer */,
			);
		};
/* End PBXProject section */

/* Begin PBXResourcesBuildPhase section */
		E6ABA07B2AF64F7A003378F7 /* Resources */ = {
			isa = PBXResourcesBuildPhase;
			buildActionMask = 2147483647;
			files = (
				E6ABA08D2AF64F7B003378F7 /* LaunchScreen.storyboard in Resources */,
				E6ABA08A2AF64F7B003378F7 /* Assets.xcassets in Resources */,
			);
			runOnlyForDeploymentPostprocessing = 0;
		};
/* End PBXResourcesBuildPhase section */

/* Begin PBXSourcesBuildPhase section */
		E6ABA0792AF64F7A003378F7 /* Sources */ = {
			isa = PBXSourcesBuildPhase;
			buildActionMask = 2147483647;
			files = (
				E6ABA0852AF64F7A003378F7 /* ViewController.swift in Sources */,
				E6ABA09B2AF65704003378F7 /* ResearchableView.swift in Sources */,
				E6ABA0982AF6567C003378F7 /* RespondableViewController.swift in Sources */,
				E6ABA0812AF64F7A003378F7 /* AppDelegate.swift in Sources */,
				E6ABA0952AF6541C003378F7 /* RespondableView.swift in Sources */,
				E6ABA0832AF64F7A003378F7 /* SceneDelegate.swift in Sources */,
			);
			runOnlyForDeploymentPostprocessing = 0;
		};
/* End PBXSourcesBuildPhase section */

/* Begin PBXVariantGroup section */
		E6ABA08B2AF64F7B003378F7 /* LaunchScreen.storyboard */ = {
			isa = PBXVariantGroup;
			children = (
				E6ABA08C2AF64F7B003378F7 /* Base */,
			);
			name = LaunchScreen.storyboard;
			sourceTree = "<group>";
		};
/* End PBXVariantGroup section */

/* Begin XCBuildConfiguration section */
		E6ABA08F2AF64F7B003378F7 /* Debug */ = {
			isa = XCBuildConfiguration;
			buildSettings = {
				ALWAYS_SEARCH_USER_PATHS = NO;
				ASSETCATALOG_COMPILER_GENERATE_SWIFT_ASSET_SYMBOL_EXTENSIONS = YES;
				CLANG_ANALYZER_NONNULL = YES;
				CLANG_ANALYZER_NUMBER_OBJECT_CONVERSION = YES_AGGRESSIVE;
				CLANG_CXX_LANGUAGE_STANDARD = "gnu++20";
				CLANG_ENABLE_MODULES = YES;
				CLANG_ENABLE_OBJC_ARC = YES;
				CLANG_ENABLE_OBJC_WEAK = YES;
				CLANG_WARN_BLOCK_CAPTURE_AUTORELEASING = YES;
				CLANG_WARN_BOOL_CONVERSION = YES;
				CLANG_WARN_COMMA = YES;
				CLANG_WARN_CONSTANT_CONVERSION = YES;
				CLANG_WARN_DEPRECATED_OBJC_IMPLEMENTATIONS = YES;
				CLANG_WARN_DIRECT_OBJC_ISA_USAGE = YES_ERROR;
				CLANG_WARN_DOCUMENTATION_COMMENTS = YES;
				CLANG_WARN_EMPTY_BODY = YES;
				CLANG_WARN_ENUM_CONVERSION = YES;
				CLANG_WARN_INFINITE_RECURSION = YES;
				CLANG_WARN_INT_CONVERSION = YES;
				CLANG_WARN_NON_LITERAL_NULL_CONVERSION = YES;
				CLANG_WARN_OBJC_IMPLICIT_RETAIN_SELF = YES;
				CLANG_WARN_OBJC_LITERAL_CONVERSION = YES;
				CLANG_WARN_OBJC_ROOT_CLASS = YES_ERROR;
				CLANG_WARN_QUOTED_INCLUDE_IN_FRAMEWORK_HEADER = YES;
				CLANG_WARN_RANGE_LOOP_ANALYSIS = YES;
				CLANG_WARN_STRICT_PROTOTYPES = YES;
				CLANG_WARN_SUSPICIOUS_MOVE = YES;
				CLANG_WARN_UNGUARDED_AVAILABILITY = YES_AGGRESSIVE;
				CLANG_WARN_UNREACHABLE_CODE = YES;
				CLANG_WARN__DUPLICATE_METHOD_MATCH = YES;
				COPY_PHASE_STRIP = NO;
				DEBUG_INFORMATION_FORMAT = dwarf;
				ENABLE_STRICT_OBJC_MSGSEND = YES;
				ENABLE_TESTABILITY = YES;
				ENABLE_USER_SCRIPT_SANDBOXING = YES;
				GCC_C_LANGUAGE_STANDARD = gnu17;
				GCC_DYNAMIC_NO_PIC = NO;
				GCC_NO_COMMON_BLOCKS = YES;
				GCC_OPTIMIZATION_LEVEL = 0;
				GCC_PREPROCESSOR_DEFINITIONS = (
					"DEBUG=1",
					"$(inherited)",
				);
				GCC_WARN_64_TO_32_BIT_CONVERSION = YES;
				GCC_WARN_ABOUT_RETURN_TYPE = YES_ERROR;
				GCC_WARN_UNDECLARED_SELECTOR = YES;
				GCC_WARN_UNINITIALIZED_AUTOS = YES_AGGRESSIVE;
				GCC_WARN_UNUSED_FUNCTION = YES;
				GCC_WARN_UNUSED_VARIABLE = YES;
				IPHONEOS_DEPLOYMENT_TARGET = 17.0;
				LOCALIZATION_PREFERS_STRING_CATALOGS = YES;
				MTL_ENABLE_DEBUG_INFO = INCLUDE_SOURCE;
				MTL_FAST_MATH = YES;
				ONLY_ACTIVE_ARCH = YES;
				SDKROOT = iphoneos;
				SWIFT_ACTIVE_COMPILATION_CONDITIONS = "DEBUG $(inherited)";
				SWIFT_OPTIMIZATION_LEVEL = "-Onone";
			};
			name = Debug;
		};
		E6ABA0902AF64F7B003378F7 /* Release */ = {
			isa = XCBuildConfiguration;
			buildSettings = {
				ALWAYS_SEARCH_USER_PATHS = NO;
				ASSETCATALOG_COMPILER_GENERATE_SWIFT_ASSET_SYMBOL_EXTENSIONS = YES;
				CLANG_ANALYZER_NONNULL = YES;
				CLANG_ANALYZER_NUMBER_OBJECT_CONVERSION = YES_AGGRESSIVE;
				CLANG_CXX_LANGUAGE_STANDARD = "gnu++20";
				CLANG_ENABLE_MODULES = YES;
				CLANG_ENABLE_OBJC_ARC = YES;
				CLANG_ENABLE_OBJC_WEAK = YES;
				CLANG_WARN_BLOCK_CAPTURE_AUTORELEASING = YES;
				CLANG_WARN_BOOL_CONVERSION = YES;
				CLANG_WARN_COMMA = YES;
				CLANG_WARN_CONSTANT_CONVERSION = YES;
				CLANG_WARN_DEPRECATED_OBJC_IMPLEMENTATIONS = YES;
				CLANG_WARN_DIRECT_OBJC_ISA_USAGE = YES_ERROR;
				CLANG_WARN_DOCUMENTATION_COMMENTS = YES;
				CLANG_WARN_EMPTY_BODY = YES;
				CLANG_WARN_ENUM_CONVERSION = YES;
				CLANG_WARN_INFINITE_RECURSION = YES;
				CLANG_WARN_INT_CONVERSION = YES;
				CLANG_WARN_NON_LITERAL_NULL_CONVERSION = YES;
				CLANG_WARN_OBJC_IMPLICIT_RETAIN_SELF = YES;
				CLANG_WARN_OBJC_LITERAL_CONVERSION = YES;
				CLANG_WARN_OBJC_ROOT_CLASS = YES_ERROR;
				CLANG_WARN_QUOTED_INCLUDE_IN_FRAMEWORK_HEADER = YES;
				CLANG_WARN_RANGE_LOOP_ANALYSIS = YES;
				CLANG_WARN_STRICT_PROTOTYPES = YES;
				CLANG_WARN_SUSPICIOUS_MOVE = YES;
				CLANG_WARN_UNGUARDED_AVAILABILITY = YES_AGGRESSIVE;
				CLANG_WARN_UNREACHABLE_CODE = YES;
				CLANG_WARN__DUPLICATE_METHOD_MATCH = YES;
				COPY_PHASE_STRIP = NO;
				DEBUG_INFORMATION_FORMAT = "dwarf-with-dsym";
				ENABLE_NS_ASSERTIONS = NO;
				ENABLE_STRICT_OBJC_MSGSEND = YES;
				ENABLE_USER_SCRIPT_SANDBOXING = YES;
				GCC_C_LANGUAGE_STANDARD = gnu17;
				GCC_NO_COMMON_BLOCKS = YES;
				GCC_WARN_64_TO_32_BIT_CONVERSION = YES;
				GCC_WARN_ABOUT_RETURN_TYPE = YES_ERROR;
				GCC_WARN_UNDECLARED_SELECTOR = YES;
				GCC_WARN_UNINITIALIZED_AUTOS = YES_AGGRESSIVE;
				GCC_WARN_UNUSED_FUNCTION = YES;
				GCC_WARN_UNUSED_VARIABLE = YES;
				IPHONEOS_DEPLOYMENT_TARGET = 17.0;
				LOCALIZATION_PREFERS_STRING_CATALOGS = YES;
				MTL_ENABLE_DEBUG_INFO = NO;
				MTL_FAST_MATH = YES;
				SDKROOT = iphoneos;
				SWIFT_COMPILATION_MODE = wholemodule;
				VALIDATE_PRODUCT = YES;
			};
			name = Release;
		};
		E6ABA0922AF64F7B003378F7 /* Debug */ = {
			isa = XCBuildConfiguration;
			buildSettings = {
				ASSETCATALOG_COMPILER_APPICON_NAME = AppIcon;
				ASSETCATALOG_COMPILER_GLOBAL_ACCENT_COLOR_NAME = AccentColor;
				CODE_SIGN_STYLE = Automatic;
				CURRENT_PROJECT_VERSION = 1;
				GENERATE_INFOPLIST_FILE = YES;
				INFOPLIST_FILE = ResponderChainer/Info.plist;
				INFOPLIST_KEY_UIApplicationSupportsIndirectInputEvents = YES;
				INFOPLIST_KEY_UILaunchStoryboardName = LaunchScreen;
				INFOPLIST_KEY_UISupportedInterfaceOrientations_iPad = "UIInterfaceOrientationPortrait UIInterfaceOrientationPortraitUpsideDown UIInterfaceOrientationLandscapeLeft UIInterfaceOrientationLandscapeRight";
				INFOPLIST_KEY_UISupportedInterfaceOrientations_iPhone = "UIInterfaceOrientationPortrait UIInterfaceOrientationLandscapeLeft UIInterfaceOrientationLandscapeRight";
				LD_RUNPATH_SEARCH_PATHS = (
					"$(inherited)",
					"@executable_path/Frameworks",
				);
				MARKETING_VERSION = 1.0;
				PRODUCT_BUNDLE_IDENTIFIER = com.sashkyn.ResponderChainer;
				PRODUCT_NAME = "$(TARGET_NAME)";
				SWIFT_EMIT_LOC_STRINGS = YES;
				SWIFT_VERSION = 5.0;
				TARGETED_DEVICE_FAMILY = "1,2";
			};
			name = Debug;
		};
		E6ABA0932AF64F7B003378F7 /* Release */ = {
			isa = XCBuildConfiguration;
			buildSettings = {
				ASSETCATALOG_COMPILER_APPICON_NAME = AppIcon;
				ASSETCATALOG_COMPILER_GLOBAL_ACCENT_COLOR_NAME = AccentColor;
				CODE_SIGN_STYLE = Automatic;
				CURRENT_PROJECT_VERSION = 1;
				GENERATE_INFOPLIST_FILE = YES;
				INFOPLIST_FILE = ResponderChainer/Info.plist;
				INFOPLIST_KEY_UIApplicationSupportsIndirectInputEvents = YES;
				INFOPLIST_KEY_UILaunchStoryboardName = LaunchScreen;
				INFOPLIST_KEY_UISupportedInterfaceOrientations_iPad = "UIInterfaceOrientationPortrait UIInterfaceOrientationPortraitUpsideDown UIInterfaceOrientationLandscapeLeft UIInterfaceOrientationLandscapeRight";
				INFOPLIST_KEY_UISupportedInterfaceOrientations_iPhone = "UIInterfaceOrientationPortrait UIInterfaceOrientationLandscapeLeft UIInterfaceOrientationLandscapeRight";
				LD_RUNPATH_SEARCH_PATHS = (
					"$(inherited)",
					"@executable_path/Frameworks",
				);
				MARKETING_VERSION = 1.0;
				PRODUCT_BUNDLE_IDENTIFIER = com.sashkyn.ResponderChainer;
				PRODUCT_NAME = "$(TARGET_NAME)";
				SWIFT_EMIT_LOC_STRINGS = YES;
				SWIFT_VERSION = 5.0;
				TARGETED_DEVICE_FAMILY = "1,2";
			};
			name = Release;
		};
/* End XCBuildConfiguration section */

/* Begin XCConfigurationList section */
		E6ABA0782AF64F7A003378F7 /* Build configuration list for PBXProject "ResponderChainer" */ = {
			isa = XCConfigurationList;
			buildConfigurations = (
				E6ABA08F2AF64F7B003378F7 /* Debug */,
				E6ABA0902AF64F7B003378F7 /* Release */,
			);
			defaultConfigurationIsVisible = 0;
			defaultConfigurationName = Release;
		};
		E6ABA0912AF64F7B003378F7 /* Build configuration list for PBXNativeTarget "ResponderChainer" */ = {
			isa = XCConfigurationList;
			buildConfigurations = (
				E6ABA0922AF64F7B003378F7 /* Debug */,
				E6ABA0932AF64F7B003378F7 /* Release */,
			);
			defaultConfigurationIsVisible = 0;
			defaultConfigurationName = Release;
		};
/* End XCConfigurationList section */
	};
	rootObject = E6ABA0752AF64F7A003378F7 /* Project object */;
}
